
Microsoft Visual Studio Solution File, Format Version 12.00
# Visual Studio Version 16
VisualStudioVersion = 16.0.28803.156
MinimumVisualStudioVersion = 10.0.40219.1
Project("{FAE04EC0-301F-11D3-BF4B-00C04F79EFBC}") = "CommLog_Convert", "CommLog_Convert\CommLog_Convert.csproj", "{D7A16A52-9106-46FB-BB24-D569D41DE44E}"
EndProject
Global
	GlobalSection(SolutionConfigurationPlatforms) = preSolution
		Debug|Any CPU = Debug|Any CPU
		Release|Any CPU = Release|Any CPU
	EndGlobalSection
	GlobalSection(ProjectConfigurationPlatforms) = postSolution
		{D7A16A52-9106-46FB-BB24-D569D41DE44E}.Debug|Any CPU.ActiveCfg = Debug|Any CPU
		{D7A16A52-9106-46FB-BB24-D569D41DE44E}.Debug|Any CPU.Build.0 = Debug|Any CPU
		{D7A16A52-9106-46FB-BB24-D569D41DE44E}.Release|Any CPU.ActiveCfg = Release|Any CPU
		{D7A16A52-9106-46FB-BB24-D569D41DE44E}.Release|Any CPU.Build.0 = Release|Any CPU
	EndGlobalSection
	GlobalSection(SolutionProperties) = preSolution
		HideSolutionNode = FALSE
	EndGlobalSection
	GlobalSection(ExtensibilityGlobals) = postSolution
		SolutionGuid = {9E38CB45-0218-45ED-8D4B-50BF0B598466}
	EndGlobalSection
EndGlobal
